
Microsoft Visual Studio Solution File, Format Version 12.00
# Visual Studio Version 17
VisualStudioVersion = 17.0.32112.339
MinimumVisualStudioVersion = 10.0.40219.1
Project("{9A19103F-16F7-4668-BE54-9A1E7A4F7556}") = "TestApi", "TestApi\TestApi.csproj", "{CF86D0DB-28AC-496A-9159-52B22835C829}"
EndProject
Project("{9A19103F-16F7-4668-BE54-9A1E7A4F7556}") = "NuNitTestProject", "NuNitTestProject\NuNitTestProject.csproj", "{D2E11239-009B-495A-A281-158D362D531E}"
EndProject
Project("{2150E333-8FDC-42A3-9474-1A3956D46DE8}") = "Solution Items", "Solution Items", "{8237C401-C78A-47F3-930A-FB80152105BD}"
EndProject
Global
	GlobalSection(SolutionConfigurationPlatforms) = preSolution
		Debug|Any CPU = Debug|Any CPU
		Release|Any CPU = Release|Any CPU
	EndGlobalSection
	GlobalSection(ProjectConfigurationPlatforms) = postSolution
		{CF86D0DB-28AC-496A-9159-52B22835C829}.Debug|Any CPU.ActiveCfg = Debug|Any CPU
		{CF86D0DB-28AC-496A-9159-52B22835C829}.Debug|Any CPU.Build.0 = Debug|Any CPU
		{CF86D0DB-28AC-496A-9159-52B22835C829}.Release|Any CPU.ActiveCfg = Release|Any CPU
		{CF86D0DB-28AC-496A-9159-52B22835C829}.Release|Any CPU.Build.0 = Release|Any CPU
		{D2E11239-009B-495A-A281-158D362D531E}.Debug|Any CPU.ActiveCfg = Debug|Any CPU
		{D2E11239-009B-495A-A281-158D362D531E}.Debug|Any CPU.Build.0 = Debug|Any CPU
		{D2E11239-009B-495A-A281-158D362D531E}.Release|Any CPU.ActiveCfg = Release|Any CPU
		{D2E11239-009B-495A-A281-158D362D531E}.Release|Any CPU.Build.0 = Release|Any CPU
	EndGlobalSection
	GlobalSection(SolutionProperties) = preSolution
		HideSolutionNode = FALSE
	EndGlobalSection
	GlobalSection(ExtensibilityGlobals) = postSolution
		SolutionGuid = {B722ED1E-646C-4231-AD54-D627941B1B8D}
	EndGlobalSection
EndGlobal
